
Microsoft Visual Studio Solution File, Format Version 12.00
# Visual Studio Version 16
VisualStudioVersion = 16.0.28922.388
MinimumVisualStudioVersion = 10.0.40219.1
Project("{FAE04EC0-301F-11D3-BF4B-00C04F79EFBC}") = "POC_Assessment_API", "POC_Assessment_API.csproj", "{39B18CAB-5078-46BD-B097-6FA1656BB0AE}"
EndProject
Global
	GlobalSection(SolutionConfigurationPlatforms) = preSolution
		Debug|Any CPU = Debug|Any CPU
		Release|Any CPU = Release|Any CPU
	EndGlobalSection
	GlobalSection(ProjectConfigurationPlatforms) = postSolution
		{39B18CAB-5078-46BD-B097-6FA1656BB0AE}.Debug|Any CPU.ActiveCfg = Debug|Any CPU
		{39B18CAB-5078-46BD-B097-6FA1656BB0AE}.Debug|Any CPU.Build.0 = Debug|Any CPU
		{39B18CAB-5078-46BD-B097-6FA1656BB0AE}.Release|Any CPU.ActiveCfg = Release|Any CPU
		{39B18CAB-5078-46BD-B097-6FA1656BB0AE}.Release|Any CPU.Build.0 = Release|Any CPU
	EndGlobalSection
	GlobalSection(SolutionProperties) = preSolution
		HideSolutionNode = FALSE
	EndGlobalSection
	GlobalSection(ExtensibilityGlobals) = postSolution
		SolutionGuid = {88CDB653-468B-4869-B33D-04A30577C244}
	EndGlobalSection
EndGlobal
